{
  "lockfileVersion": 1,
  "configVersion": 1,
  "workspaces": {
    "": {
      "name": "moltcms-static-workspace",
      "devDependencies": {
        "@biomejs/biome": "2.5.3",
        "@types/bun": "latest",
        "oxlint": "1.74.0",
        "typescript": "^5.9.3",
      },
    },
    "examples/blog": {
      "name": "@moltcms/example-blog",
      "dependencies": {
        "@moltcms/client": "^0.4.0",
        "@moltcms/static": "workspace:*",
        "@moltcms/static-esbuild": "workspace:*",
        "@moltcms/static-hono": "workspace:*",
        "hono": "^4.11.7",
      },
    },
    "packages/static": {
      "name": "@moltcms/static",
      "version": "0.1.0",
      "bin": {
        "moltcms-static": "./dist/cli.js",
      },
      "dependencies": {
        "@moltcms/client": "^0.4.0",
        "@moltcms/static-core": "^0.1.0",
        "@moltcms/static-json": "^0.1.0",
      },
    },
    "packages/static-cache-s3": {
      "name": "@moltcms/static-cache-s3",
      "version": "0.1.0",
      "dependencies": {
        "@aws-sdk/client-s3": "^3.995.0",
        "@moltcms/static-core": "^0.1.0",
      },
    },
    "packages/static-core": {
      "name": "@moltcms/static-core",
      "version": "0.1.0",
      "dependencies": {
        "@moltcms/client": "^0.4.0",
      },
    },
    "packages/static-deploy-s3": {
      "name": "@moltcms/static-deploy-s3",
      "version": "0.1.0",
      "dependencies": {
        "@aws-sdk/client-s3": "^3.995.0",
        "@moltcms/static-core": "^0.1.0",
      },
    },
    "packages/static-esbuild": {
      "name": "@moltcms/static-esbuild",
      "version": "0.1.0",
      "dependencies": {
        "@moltcms/static-core": "^0.1.0",
        "esbuild": "^0.27.3",
      },
    },
    "packages/static-hono": {
      "name": "@moltcms/static-hono",
      "version": "0.1.0",
      "dependencies": {
        "@moltcms/static-core": "^0.1.0",
        "hono": "^4.11.7",
      },
    },
    "packages/static-json": {
      "name": "@moltcms/static-json",
      "version": "0.1.0",
      "dependencies": {
        "@moltcms/client": "^0.4.0",
        "@moltcms/static-core": "^0.1.0",
      },
    },
    "packages/static-rollup": {
      "name": "@moltcms/static-rollup",
      "version": "0.1.0",
      "dependencies": {
        "@moltcms/static-core": "^0.1.0",
      },
      "peerDependencies": {
        "rollup": "^4.0.0",
      },
    },
    "packages/static-vite": {
      "name": "@moltcms/static-vite",
      "version": "0.1.0",
      "dependencies": {
        "@moltcms/static-rollup": "^0.1.0",
        "vite": "^8.0.10",
      },
    },
  },
  "packages": {
    "@aws-sdk/checksums": ["@aws-sdk/checksums@3.1000.18", "", { "dependencies": { "@aws-sdk/core": "^3.975.3", "@aws-sdk/types": "^3.974.2", "@smithy/core": "^3.29.4", "@smithy/types": "^4.16.1", "tslib": "^2.6.2" } }, "sha512-IImkbEyXdV6/uaF5r6Wkk+8718mQw1ll83j0a4a30R3JM/rHVFdWAiT4jtJpFjJiIwM/oJ6SxIxr0z2TaQUGqw=="],

    "@aws-sdk/client-s3": ["@aws-sdk/client-s3@3.1089.0", "", { "dependencies": { "@aws-sdk/checksums": "^3.1000.18", "@aws-sdk/core": "^3.975.3", "@aws-sdk/credential-provider-node": "^3.972.70", "@aws-sdk/middleware-sdk-s3": "^3.972.64", "@aws-sdk/signature-v4-multi-region": "^3.996.41", "@aws-sdk/types": "^3.974.2", "@smithy/core": "^3.29.4", "@smithy/fetch-http-handler": "^5.6.6", "@smithy/node-http-handler": "^4.9.6", "@smithy/types": "^4.16.1", "tslib": "^2.6.2" } }, "sha512-Sc+JOtNeP+v+XdP9Rb4Hh+uhiNO2hh/CZQbKYooNakhOIgK6/K0cjoDCEGeFmkG0vf2DopTmSctzKlcKwy1BPw=="],

    "@aws-sdk/core": ["@aws-sdk/core@3.975.3", "", { "dependencies": { "@aws-sdk/types": "^3.974.2", "@aws-sdk/xml-builder": "^3.972.36", "@aws/lambda-invoke-store": "^0.3.0", "@smithy/core": "^3.29.4", "@smithy/signature-v4": "^5.6.5", "@smithy/types": "^4.16.1", "bowser": "^2.11.0", "tslib": "^2.6.2" } }, "sha512-7ur3kCKuvPLqlsZ2XlvnNBVQ7KkpSu6Y6dOTwSPHLrFpTEfZM8isLBJc4cgv96WB7GifeVM436mpycwxBd2vEA=="],

    "@aws-sdk/credential-provider-env": ["@aws-sdk/credential-provider-env@3.972.59", "", { "dependencies": { "@aws-sdk/core": "^3.975.3", "@aws-sdk/types": "^3.974.2", "@smithy/core": "^3.29.4", "@smithy/types": "^4.16.1", "tslib": "^2.6.2" } }, "sha512-Ny5e4Mfh3QPmiAc0AiUe+cbTXDlxkU3Rc+EpWOfyWeWEy6yp7Fa1KmfNeCc+1a8by9zQ9gtohmiQUkMPScF3ng=="],

    "@aws-sdk/credential-provider-http": ["@aws-sdk/credential-provider-http@3.972.61", "", { "dependencies": { "@aws-sdk/core": "^3.975.3", "@aws-sdk/types": "^3.974.2", "@smithy/core": "^3.29.4", "@smithy/fetch-http-handler": "^5.6.6", "@smithy/node-http-handler": "^4.9.6", "@smithy/types": "^4.16.1", "tslib": "^2.6.2" } }, "sha512-8jAjgStl5Ytq4+HF3X/9f+EmRinaRbGRRtQGktlPfBRVx73H+R1y48vIeXerQtYGFaUqkEp3fT6jP854rVO2yQ=="],

    "@aws-sdk/credential-provider-ini": ["@aws-sdk/credential-provider-ini@3.973.4", "", { "dependencies": { "@aws-sdk/core": "^3.975.3", "@aws-sdk/credential-provider-env": "^3.972.59", "@aws-sdk/credential-provider-http": "^3.972.61", "@aws-sdk/credential-provider-login": "^3.972.66", "@aws-sdk/credential-provider-process": "^3.972.59", "@aws-sdk/credential-provider-sso": "^3.973.3", "@aws-sdk/credential-provider-web-identity": "^3.972.65", "@aws-sdk/nested-clients": "^3.997.33", "@aws-sdk/types": "^3.974.2", "@smithy/core": "^3.29.4", "@smithy/credential-provider-imds": "^4.4.9", "@smithy/types": "^4.16.1", "tslib": "^2.6.2" } }, "sha512-e6ZvVsj90aRALf1kHP+J4iqC1496ZpVgqI/+u0LJ5HL7q7ATauGy4gdDvRCP13L1pN/fMiZLah162PGIYkbUVQ=="],

    "@aws-sdk/credential-provider-login": ["@aws-sdk/credential-provider-login@3.972.66", "", { "dependencies": { "@aws-sdk/core": "^3.975.3", "@aws-sdk/nested-clients": "^3.997.33", "@aws-sdk/types": "^3.974.2", "@smithy/core": "^3.29.4", "@smithy/types": "^4.16.1", "tslib": "^2.6.2" } }, "sha512-g2fsqm87r/nKthLZ0VkkDBElkGg0PvSa8d97HQ6EilMbJTZ6hxa8FxkSZyJfgPfFdZn0TTmkOffQmTSUcAHIng=="],

    "@aws-sdk/credential-provider-node": ["@aws-sdk/credential-provider-node@3.972.70", "", { "dependencies": { "@aws-sdk/credential-provider-env": "^3.972.59", "@aws-sdk/credential-provider-http": "^3.972.61", "@aws-sdk/credential-provider-ini": "^3.973.4", "@aws-sdk/credential-provider-process": "^3.972.59", "@aws-sdk/credential-provider-sso": "^3.973.3", "@aws-sdk/credential-provider-web-identity": "^3.972.65", "@aws-sdk/types": "^3.974.2", "@smithy/core": "^3.29.4", "@smithy/credential-provider-imds": "^4.4.9", "@smithy/types": "^4.16.1", "tslib": "^2.6.2" } }, "sha512-3xzvkGdykBunxqh8WudmUpSyLWvIhfI6aBQo1b5rb3mDO5mNLadK+0hiI0qBQBMVynJbfLO+Ajy9dztMwy9O8w=="],

    "@aws-sdk/credential-provider-process": ["@aws-sdk/credential-provider-process@3.972.59", "", { "dependencies": { "@aws-sdk/core": "^3.975.3", "@aws-sdk/types": "^3.974.2", "@smithy/core": "^3.29.4", "@smithy/types": "^4.16.1", "tslib": "^2.6.2" } }, "sha512-DlZF2/MhLlatDdlrIy3CUCpfdbLrKx+3SMjVo+WyHnPpwzkc/M3vwAHw4OVJf7DMvO+4vfRqSCMc/E9I1auN0g=="],

    "@aws-sdk/credential-provider-sso": ["@aws-sdk/credential-provider-sso@3.973.3", "", { "dependencies": { "@aws-sdk/core": "^3.975.3", "@aws-sdk/nested-clients": "^3.997.33", "@aws-sdk/token-providers": "3.1088.0", "@aws-sdk/types": "^3.974.2", "@smithy/core": "^3.29.4", "@smithy/types": "^4.16.1", "tslib": "^2.6.2" } }, "sha512-hmdDHoy2G5Es2e8IgelNMYUuSQI6uCIAKZMJ2u2PdKDhxvbk1uWD/g4+R7R5c/tJfKEB1+KjjWiaoCr/S+ZTiQ=="],

    "@aws-sdk/credential-provider-web-identity": ["@aws-sdk/credential-provider-web-identity@3.972.65", "", { "dependencies": { "@aws-sdk/core": "^3.975.3", "@aws-sdk/nested-clients": "^3.997.33", "@aws-sdk/types": "^3.974.2", "@smithy/core": "^3.29.4", "@smithy/types": "^4.16.1", "tslib": "^2.6.2" } }, "sha512-gHQb/Kt0chjk/JQDa/GJDqmAvEuVn8n7z10wK2h0LFM9TUDRkohgOO4aEF+s2sBLM0br7Cl5W6P7phgjrrJvLQ=="],

    "@aws-sdk/middleware-sdk-s3": ["@aws-sdk/middleware-sdk-s3@3.972.64", "", { "dependencies": { "@aws-sdk/core": "^3.975.3", "@aws-sdk/signature-v4-multi-region": "^3.996.41", "@aws-sdk/types": "^3.974.2", "@smithy/core": "^3.29.4", "@smithy/types": "^4.16.1", "tslib": "^2.6.2" } }, "sha512-RBi43anhDBUv+HCfxCOXwGOE7GmT4n7ChV04Mwr22RhXTNcamW/iWnJlOotDPCZSrJ4dEvhZSiWWQMwLX+ZhFA=="],

    "@aws-sdk/nested-clients": ["@aws-sdk/nested-clients@3.997.33", "", { "dependencies": { "@aws-sdk/core": "^3.975.3", "@aws-sdk/signature-v4-multi-region": "^3.996.41", "@aws-sdk/types": "^3.974.2", "@smithy/core": "^3.29.4", "@smithy/fetch-http-handler": "^5.6.6", "@smithy/node-http-handler": "^4.9.6", "@smithy/types": "^4.16.1", "tslib": "^2.6.2" } }, "sha512-dVZOroI/r3/ENvqNGgjMPul+jjlz9GddfVusgTXlVjfZj5isibOxecLkGQbRPp8XOuX+RAfjXLFgPkD1JS5xrw=="],

    "@aws-sdk/signature-v4-multi-region": ["@aws-sdk/signature-v4-multi-region@3.996.41", "", { "dependencies": { "@aws-sdk/types": "^3.974.2", "@smithy/signature-v4": "^5.6.5", "@smithy/types": "^4.16.1", "tslib": "^2.6.2" } }, "sha512-QMUytg+FQMGouc8gHS00KoYih3+N6cqmVI/pQGOIo7Nr7OpQaiXjSYOuL+vsPZ1tymY4LAQ8MYcHJmws5LRxng=="],

    "@aws-sdk/token-providers": ["@aws-sdk/token-providers@3.1088.0", "", { "dependencies": { "@aws-sdk/core": "^3.975.3", "@aws-sdk/nested-clients": "^3.997.33", "@aws-sdk/types": "^3.974.2", "@smithy/core": "^3.29.4", "@smithy/types": "^4.16.1", "tslib": "^2.6.2" } }, "sha512-4ObatWt2qpJg5FBk4LOOKrTQYzaqeewAtdO3r9ZO8lH9YqLtpTzLyIdy0mJ+nVdfYOnqISkKNfmzP22bNDhwyw=="],

    "@aws-sdk/types": ["@aws-sdk/types@3.974.2", "", { "dependencies": { "@smithy/types": "^4.16.1", "tslib": "^2.6.2" } }, "sha512-3W6IUtSxFbH6X7Wb7DzGCV5QiFQsd0g8bOfntpmDxQlzBoKWUMBu/JPQR0DwkE+Hpnxd6db1tXbOwdeHddG6cA=="],

    "@aws-sdk/xml-builder": ["@aws-sdk/xml-builder@3.972.36", "", { "dependencies": { "@smithy/types": "^4.16.1", "tslib": "^2.6.2" } }, "sha512-RdGmS1GLrtaTOLE1ElSluMldNrpk9Emq6uYs8SS8iHlu5xTAmM9rRkM91o48+rIRryBtyO9t+uLYCoMG6jVMVA=="],

    "@aws/lambda-invoke-store": ["@aws/lambda-invoke-store@0.3.0", "", {}, "sha512-sl4Bm6yiMNYrZKkqqDFWN0UfnWhlS8ivKxrYl+6t0gCLrqr8y3B2IqZZbFRkfaVVp7C/baApyh71P+LeE1A2sQ=="],

    "@biomejs/biome": ["@biomejs/biome@2.5.3", "", { "optionalDependencies": { "@biomejs/cli-darwin-arm64": "2.5.3", "@biomejs/cli-darwin-x64": "2.5.3", "@biomejs/cli-linux-arm64": "2.5.3", "@biomejs/cli-linux-arm64-musl": "2.5.3", "@biomejs/cli-linux-x64": "2.5.3", "@biomejs/cli-linux-x64-musl": "2.5.3", "@biomejs/cli-win32-arm64": "2.5.3", "@biomejs/cli-win32-x64": "2.5.3" }, "bin": { "biome": "bin/biome" } }, "sha512-MrJswFdei9EfDwwUy2tQrPDpK0AO+RmMFvBoaaJ6ayBc3sUbHdCE+XG5N8vp+5So41ZupZJQm0roHFFhMGVD7A=="],

    "@biomejs/cli-darwin-arm64": ["@biomejs/cli-darwin-arm64@2.5.3", "", { "os": "darwin", "cpu": "arm64" }, "sha512-QhYP9muVQ0nUO5zztFuPbEwi4+94sJWVjaZds9aMi1l/KNZBiUjdiSUrGHsTaMGDXrYl+r4AS2sUKfgH3w+V3g=="],

    "@biomejs/cli-darwin-x64": ["@biomejs/cli-darwin-x64@2.5.3", "", { "os": "darwin", "cpu": "x64" }, "sha512-NC1Ss13UaW7QZX+y8j44bF7AP0jSJdBl6iRhe0MAkvaSqZy+mWg3GaXsrb+eSoHoGDBtaXWEbMVV0iVN2cZ7cQ=="],

    "@biomejs/cli-linux-arm64": ["@biomejs/cli-linux-arm64@2.5.3", "", { "os": "linux", "cpu": "arm64" }, "sha512-ksx1KWeyYW18ILL04msF/J4ZBtBDN33znYK8Z/aNv/vlBVxL9/g3mGP+omgHJKy4+KWbK87vcmmpmurfNjSgiA=="],

    "@biomejs/cli-linux-arm64-musl": ["@biomejs/cli-linux-arm64-musl@2.5.3", "", { "os": "linux", "cpu": "arm64" }, "sha512-fccix0w6xp6csCXgxeC0dU/3ecgRQal0y+cv2SP9ajNlhe7Yrk2Ug7UDe2j9AT9ZDYitkXpvUKgZjjuoYeP4Vg=="],

    "@biomejs/cli-linux-x64": ["@biomejs/cli-linux-x64@2.5.3", "", { "os": "linux", "cpu": "x64" }, "sha512-yMkJtilsgvILDcVkh187aVLTb64xYsrxYajx5kym+r1ULkO5HUOfu9AYKLGQbOVLwJtT2utNw7hhFNg+17mUYA=="],

    "@biomejs/cli-linux-x64-musl": ["@biomejs/cli-linux-x64-musl@2.5.3", "", { "os": "linux", "cpu": "x64" }, "sha512-O/yU9YKRUiHhmcjF2f38PSjseVk3G4VLWYc0G2HWpzdBVREV6G8IGWIVEFf7MFPfWIzNUIvPsEjeAZQIOgnLcQ=="],

    "@biomejs/cli-win32-arm64": ["@biomejs/cli-win32-arm64@2.5.3", "", { "os": "win32", "cpu": "arm64" }, "sha512-cX5z+GYwRcqEok0AH3KSfQGgqYd0Nomfp6Fbe1uiTtELE38hdH2k842wQ9wLNaF/JJ7r4rjJQ4VR+ce+fRmQbw=="],

    "@biomejs/cli-win32-x64": ["@biomejs/cli-win32-x64@2.5.3", "", { "os": "win32", "cpu": "x64" }, "sha512-ExSaJWi4/u6+GXCszlSKpWSjKNbDseAYqqkCznsCsZ/4uidZ/BEqsCc5/3ctlq6dfIubdIIRSVLC/PG9xPl70Q=="],

    "@emnapi/core": ["@emnapi/core@1.11.1", "", { "dependencies": { "@emnapi/wasi-threads": "1.2.2", "tslib": "^2.4.0" } }, "sha512-RSvbQmHzdKzNsLYa/wHrbc3KN4sYLKAdPZxqiM2HATqv/SBk2/ENSHpvXGaLOMcsAyz0poEGqkmmKYG3OWiJEQ=="],

    "@emnapi/runtime": ["@emnapi/runtime@1.11.1", "", { "dependencies": { "tslib": "^2.4.0" } }, "sha512-vgj7R3y3Wgx24IQaGPA/R6YFXLHVMOZ0uVEyIQPaWs+rd1AzfEMXlAC22FYwO1XkKR6NPsq7mUandH8oIRdZFw=="],

    "@emnapi/wasi-threads": ["@emnapi/wasi-threads@1.2.2", "", { "dependencies": { "tslib": "^2.4.0" } }, "sha512-c95qOXkHdydNKhscBTebqEC1CVAZpyqOfVfBzQ1qgzyl3gfeldUjIggDbIZgDKsHLgnsM+igH7TJ/eAasaVuMA=="],

    "@esbuild/aix-ppc64": ["@esbuild/aix-ppc64@0.27.7", "", { "os": "aix", "cpu": "ppc64" }, "sha512-EKX3Qwmhz1eMdEJokhALr0YiD0lhQNwDqkPYyPhiSwKrh7/4KRjQc04sZ8db+5DVVnZ1LmbNDI1uAMPEUBnQPg=="],

    "@esbuild/android-arm": ["@esbuild/android-arm@0.27.7", "", { "os": "android", "cpu": "arm" }, "sha512-jbPXvB4Yj2yBV7HUfE2KHe4GJX51QplCN1pGbYjvsyCZbQmies29EoJbkEc+vYuU5o45AfQn37vZlyXy4YJ8RQ=="],

    "@esbuild/android-arm64": ["@esbuild/android-arm64@0.27.7", "", { "os": "android", "cpu": "arm64" }, "sha512-62dPZHpIXzvChfvfLJow3q5dDtiNMkwiRzPylSCfriLvZeq0a1bWChrGx/BbUbPwOrsWKMn8idSllklzBy+dgQ=="],

    "@esbuild/android-x64": ["@esbuild/android-x64@0.27.7", "", { "os": "android", "cpu": "x64" }, "sha512-x5VpMODneVDb70PYV2VQOmIUUiBtY3D3mPBG8NxVk5CogneYhkR7MmM3yR/uMdITLrC1ml/NV1rj4bMJuy9MCg=="],

    "@esbuild/darwin-arm64": ["@esbuild/darwin-arm64@0.27.7", "", { "os": "darwin", "cpu": "arm64" }, "sha512-5lckdqeuBPlKUwvoCXIgI2D9/ABmPq3Rdp7IfL70393YgaASt7tbju3Ac+ePVi3KDH6N2RqePfHnXkaDtY9fkw=="],

    "@esbuild/darwin-x64": ["@esbuild/darwin-x64@0.27.7", "", { "os": "darwin", "cpu": "x64" }, "sha512-rYnXrKcXuT7Z+WL5K980jVFdvVKhCHhUwid+dDYQpH+qu+TefcomiMAJpIiC2EM3Rjtq0sO3StMV/+3w3MyyqQ=="],

    "@esbuild/freebsd-arm64": ["@esbuild/freebsd-arm64@0.27.7", "", { "os": "freebsd", "cpu": "arm64" }, "sha512-B48PqeCsEgOtzME2GbNM2roU29AMTuOIN91dsMO30t+Ydis3z/3Ngoj5hhnsOSSwNzS+6JppqWsuhTp6E82l2w=="],

    "@esbuild/freebsd-x64": ["@esbuild/freebsd-x64@0.27.7", "", { "os": "freebsd", "cpu": "x64" }, "sha512-jOBDK5XEjA4m5IJK3bpAQF9/Lelu/Z9ZcdhTRLf4cajlB+8VEhFFRjWgfy3M1O4rO2GQ/b2dLwCUGpiF/eATNQ=="],

    "@esbuild/linux-arm": ["@esbuild/linux-arm@0.27.7", "", { "os": "linux", "cpu": "arm" }, "sha512-RkT/YXYBTSULo3+af8Ib0ykH8u2MBh57o7q/DAs3lTJlyVQkgQvlrPTnjIzzRPQyavxtPtfg0EopvDyIt0j1rA=="],

    "@esbuild/linux-arm64": ["@esbuild/linux-arm64@0.27.7", "", { "os": "linux", "cpu": "arm64" }, "sha512-RZPHBoxXuNnPQO9rvjh5jdkRmVizktkT7TCDkDmQ0W2SwHInKCAV95GRuvdSvA7w4VMwfCjUiPwDi0ZO6Nfe9A=="],

    "@esbuild/linux-ia32": ["@esbuild/linux-ia32@0.27.7", "", { "os": "linux", "cpu": "ia32" }, "sha512-GA48aKNkyQDbd3KtkplYWT102C5sn/EZTY4XROkxONgruHPU72l+gW+FfF8tf2cFjeHaRbWpOYa/uRBz/Xq1Pg=="],

    "@esbuild/linux-loong64": ["@esbuild/linux-loong64@0.27.7", "", { "os": "linux", "cpu": "none" }, "sha512-a4POruNM2oWsD4WKvBSEKGIiWQF8fZOAsycHOt6JBpZ+JN2n2JH9WAv56SOyu9X5IqAjqSIPTaJkqN8F7XOQ5Q=="],

    "@esbuild/linux-mips64el": ["@esbuild/linux-mips64el@0.27.7", "", { "os": "linux", "cpu": "none" }, "sha512-KabT5I6StirGfIz0FMgl1I+R1H73Gp0ofL9A3nG3i/cYFJzKHhouBV5VWK1CSgKvVaG4q1RNpCTR2LuTVB3fIw=="],

    "@esbuild/linux-ppc64": ["@esbuild/linux-ppc64@0.27.7", "", { "os": "linux", "cpu": "ppc64" }, "sha512-gRsL4x6wsGHGRqhtI+ifpN/vpOFTQtnbsupUF5R5YTAg+y/lKelYR1hXbnBdzDjGbMYjVJLJTd2OFmMewAgwlQ=="],

    "@esbuild/linux-riscv64": ["@esbuild/linux-riscv64@0.27.7", "", { "os": "linux", "cpu": "none" }, "sha512-hL25LbxO1QOngGzu2U5xeXtxXcW+/GvMN3ejANqXkxZ/opySAZMrc+9LY/WyjAan41unrR3YrmtTsUpwT66InQ=="],

    "@esbuild/linux-s390x": ["@esbuild/linux-s390x@0.27.7", "", { "os": "linux", "cpu": "s390x" }, "sha512-2k8go8Ycu1Kb46vEelhu1vqEP+UeRVj2zY1pSuPdgvbd5ykAw82Lrro28vXUrRmzEsUV0NzCf54yARIK8r0fdw=="],

    "@esbuild/linux-x64": ["@esbuild/linux-x64@0.27.7", "", { "os": "linux", "cpu": "x64" }, "sha512-hzznmADPt+OmsYzw1EE33ccA+HPdIqiCRq7cQeL1Jlq2gb1+OyWBkMCrYGBJ+sxVzve2ZJEVeePbLM2iEIZSxA=="],

    "@esbuild/netbsd-arm64": ["@esbuild/netbsd-arm64@0.27.7", "", { "os": "none", "cpu": "arm64" }, "sha512-b6pqtrQdigZBwZxAn1UpazEisvwaIDvdbMbmrly7cDTMFnw/+3lVxxCTGOrkPVnsYIosJJXAsILG9XcQS+Yu6w=="],

    "@esbuild/netbsd-x64": ["@esbuild/netbsd-x64@0.27.7", "", { "os": "none", "cpu": "x64" }, "sha512-OfatkLojr6U+WN5EDYuoQhtM+1xco+/6FSzJJnuWiUw5eVcicbyK3dq5EeV/QHT1uy6GoDhGbFpprUiHUYggrw=="],

    "@esbuild/openbsd-arm64": ["@esbuild/openbsd-arm64@0.27.7", "", { "os": "openbsd", "cpu": "arm64" }, "sha512-AFuojMQTxAz75Fo8idVcqoQWEHIXFRbOc1TrVcFSgCZtQfSdc1RXgB3tjOn/krRHENUB4j00bfGjyl2mJrU37A=="],

    "@esbuild/openbsd-x64": ["@esbuild/openbsd-x64@0.27.7", "", { "os": "openbsd", "cpu": "x64" }, "sha512-+A1NJmfM8WNDv5CLVQYJ5PshuRm/4cI6WMZRg1by1GwPIQPCTs1GLEUHwiiQGT5zDdyLiRM/l1G0Pv54gvtKIg=="],

    "@esbuild/openharmony-arm64": ["@esbuild/openharmony-arm64@0.27.7", "", { "os": "none", "cpu": "arm64" }, "sha512-+KrvYb/C8zA9CU/g0sR6w2RBw7IGc5J2BPnc3dYc5VJxHCSF1yNMxTV5LQ7GuKteQXZtspjFbiuW5/dOj7H4Yw=="],

    "@esbuild/sunos-x64": ["@esbuild/sunos-x64@0.27.7", "", { "os": "sunos", "cpu": "x64" }, "sha512-ikktIhFBzQNt/QDyOL580ti9+5mL/YZeUPKU2ivGtGjdTYoqz6jObj6nOMfhASpS4GU4Q/Clh1QtxWAvcYKamA=="],

    "@esbuild/win32-arm64": ["@esbuild/win32-arm64@0.27.7", "", { "os": "win32", "cpu": "arm64" }, "sha512-7yRhbHvPqSpRUV7Q20VuDwbjW5kIMwTHpptuUzV+AA46kiPze5Z7qgt6CLCK3pWFrHeNfDd1VKgyP4O+ng17CA=="],

    "@esbuild/win32-ia32": ["@esbuild/win32-ia32@0.27.7", "", { "os": "win32", "cpu": "ia32" }, "sha512-SmwKXe6VHIyZYbBLJrhOoCJRB/Z1tckzmgTLfFYOfpMAx63BJEaL9ExI8x7v0oAO3Zh6D/Oi1gVxEYr5oUCFhw=="],

    "@esbuild/win32-x64": ["@esbuild/win32-x64@0.27.7", "", { "os": "win32", "cpu": "x64" }, "sha512-56hiAJPhwQ1R4i+21FVF7V8kSD5zZTdHcVuRFMW0hn753vVfQN8xlx4uOPT4xoGH0Z/oVATuR82AiqSTDIpaHg=="],

    "@moltcms/client": ["@moltcms/client@0.4.0", "", {}, "sha512-F49LqABFiKaxMws2gQgwDzTSGNgMhNCuH0xAuDYNPZ+Jboh2XaLehOY/koEsvkGVTetGLR0ClOf3fk0M+WbcIQ=="],

    "@moltcms/example-blog": ["@moltcms/example-blog@workspace:examples/blog"],

    "@moltcms/static": ["@moltcms/static@workspace:packages/static"],

    "@moltcms/static-cache-s3": ["@moltcms/static-cache-s3@workspace:packages/static-cache-s3"],

    "@moltcms/static-core": ["@moltcms/static-core@workspace:packages/static-core"],

    "@moltcms/static-deploy-s3": ["@moltcms/static-deploy-s3@workspace:packages/static-deploy-s3"],

    "@moltcms/static-esbuild": ["@moltcms/static-esbuild@workspace:packages/static-esbuild"],

    "@moltcms/static-hono": ["@moltcms/static-hono@workspace:packages/static-hono"],

    "@moltcms/static-json": ["@moltcms/static-json@workspace:packages/static-json"],

    "@moltcms/static-rollup": ["@moltcms/static-rollup@workspace:packages/static-rollup"],

    "@moltcms/static-vite": ["@moltcms/static-vite@workspace:packages/static-vite"],

    "@napi-rs/wasm-runtime": ["@napi-rs/wasm-runtime@1.1.6", "", { "dependencies": { "@tybys/wasm-util": "^0.10.3" }, "peerDependencies": { "@emnapi/core": "^1.7.1", "@emnapi/runtime": "^1.7.1" } }, "sha512-ZLv/JdUfkvOy9eCnnBaGfiO+XimbjebAeO+MRQqD/B+FR1tnRN0tpKSJHRbE8sFfS6aqsXZ67TQjfwfsxULVbg=="],

    "@oxc-project/types": ["@oxc-project/types@0.139.0", "", {}, "sha512-r9gHphtCs+1M7J0pw6Sn/hh/Wpa/iQrOOkrNAlVLF/gHq+/CJmHIWKKUUhdWjcD6CIa8idarspCsASiXCXvFUw=="],

    "@oxlint/binding-android-arm-eabi": ["@oxlint/binding-android-arm-eabi@1.74.0", "", { "os": "android", "cpu": "arm" }, "sha512-+gHd12muVI9ZLBaWLPkHt3Fj7jihFjgQ1MGtBaRL8vWrWrI0P7dLUty/cHrHS0oqPYIRgQUJsPu2CExQuMcwNw=="],

    "@oxlint/binding-android-arm64": ["@oxlint/binding-android-arm64@1.74.0", "", { "os": "android", "cpu": "arm64" }, "sha512-xjKdoMB+H+RCOByv/7l7nfIGW9mlOisqYdcyC75UqYuQecLpReAeEYUf2CNeDEI3KtmUgxpRw/+c63y4AeF/Bw=="],

    "@oxlint/binding-darwin-arm64": ["@oxlint/binding-darwin-arm64@1.74.0", "", { "os": "darwin", "cpu": "arm64" }, "sha512-iUK7wvc6sejMKsC+Pt67mntoF5weFcyEunhZfLJceU6gL419mexz5wBkSx/EnkFBExMLNtOi9fnDSc5xfK0IzQ=="],

    "@oxlint/binding-darwin-x64": ["@oxlint/binding-darwin-x64@1.74.0", "", { "os": "darwin", "cpu": "x64" }, "sha512-ggKc/tn5SJ1u2yG2izC6VKODfYKV8MQ2AicJlNzOjuyrC29udvOef6/JzK2r32xqCnBDLFouR1VCkjzEI0/N9Q=="],

    "@oxlint/binding-freebsd-x64": ["@oxlint/binding-freebsd-x64@1.74.0", "", { "os": "freebsd", "cpu": "x64" }, "sha512-u++dH/43jy9hTLbneaWlS0gla/Bp1JdwJ2zgevCl8nDFUh6qRCGMxcL0f0lb7By3A9p/LfFr+7cG4HU1hG856g=="],

    "@oxlint/binding-linux-arm-gnueabihf": ["@oxlint/binding-linux-arm-gnueabihf@1.74.0", "", { "os": "linux", "cpu": "arm" }, "sha512-Sj1zmtFDVTPeIbIz4ZfcXAbFHqCmKCXdCUlAJzvTF7I20NTH1RDpoF2PhkqNODutJzVhJYmm3oz0GwgY+tvE2g=="],

    "@oxlint/binding-linux-arm-musleabihf": ["@oxlint/binding-linux-arm-musleabihf@1.74.0", "", { "os": "linux", "cpu": "arm" }, "sha512-//PKyQb/tQXcHArx2f7z+oVI/eMS2Jpv+edNuAtOrgIhWdGcpHxogveAxzmF2rpH1AIHp4Hq04RF/rgJdiICnQ=="],

    "@oxlint/binding-linux-arm64-gnu": ["@oxlint/binding-linux-arm64-gnu@1.74.0", "", { "os": "linux", "cpu": "arm64" }, "sha512-/k1Me+aX2tjuH10K62mLS0y8cLkJBHX6Ce0xPK+eWeel4bSdEGZ8dv4+hYMzg0GrSmjwy4yAYsDPeEeKBft/2w=="],

    "@oxlint/binding-linux-arm64-musl": ["@oxlint/binding-linux-arm64-musl@1.74.0", "", { "os": "linux", "cpu": "arm64" }, "sha512-3tFSjBxc5D8/zvjEuLvOqcA8ZXKD0+6NuaVO/edeamNc49MoAsbfaC9s1UiwODwgF6slGaF8yJA2TPkukd77tg=="],

    "@oxlint/binding-linux-ppc64-gnu": ["@oxlint/binding-linux-ppc64-gnu@1.74.0", "", { "os": "linux", "cpu": "ppc64" }, "sha512-9QggtPkSPXOCTu8Szis7auOK/sC7KdQaN+/TujP7YVVhzCAOhgdRfgv8uEz0r2tk5xdgus5rLYUrCDoZNtiRUw=="],

    "@oxlint/binding-linux-riscv64-gnu": ["@oxlint/binding-linux-riscv64-gnu@1.74.0", "", { "os": "linux", "cpu": "none" }, "sha512-VM5VPUJ4DJIWiK+AZn8FScUqMr6OFrCAYybMYjEEi7W13ParI64MByiXTkKMqZpBmvQ9zxl9Ebq2VUOiZRJYUg=="],

    "@oxlint/binding-linux-riscv64-musl": ["@oxlint/binding-linux-riscv64-musl@1.74.0", "", { "os": "linux", "cpu": "none" }, "sha512-SaDY1gh9rOA592J54g+gu5hkOFFQBZsMmIYHs+NRHG+Uq0OxtuuCXMWQ3vu1830Eugv5uMXyjG+bv2Z9y4IXjw=="],

    "@oxlint/binding-linux-s390x-gnu": ["@oxlint/binding-linux-s390x-gnu@1.74.0", "", { "os": "linux", "cpu": "s390x" }, "sha512-ZATQeHZCyr6MbDveg0obD5sxLHFOghtOdC5jwVwYlvFWqtFOxctgFEG6Ef/64hYvZrWyhyCckB10AelqLopeDA=="],

    "@oxlint/binding-linux-x64-gnu": ["@oxlint/binding-linux-x64-gnu@1.74.0", "", { "os": "linux", "cpu": "x64" }, "sha512-+aIvJyrdeD7LwCQ2WYLMUWNmnbeDRSPb40aBYtPjD9+PTqUwgJnk+HK5yLfSMeqXrMrDhE9uTmtt2y50tvjhHw=="],

    "@oxlint/binding-linux-x64-musl": ["@oxlint/binding-linux-x64-musl@1.74.0", "", { "os": "linux", "cpu": "x64" }, "sha512-XyktaR8lhK2qWiCK0Tk8oYD+/cgn+oHA6ddRnxSSXUKkkojkV78CmShZUxQF+yrBFs0SuW+JBOPG6hecyc/iZg=="],

    "@oxlint/binding-openharmony-arm64": ["@oxlint/binding-openharmony-arm64@1.74.0", "", { "os": "none", "cpu": "arm64" }, "sha512-mzbjrPl4neaVUiJ1fUiEUxTGaSZBoiKtaoB6jmIpz9S+VOA2vDYmJpihQ82w6178V5jxziclTg8Cgj5yF6tTDg=="],

    "@oxlint/binding-win32-arm64-msvc": ["@oxlint/binding-win32-arm64-msvc@1.74.0", "", { "os": "win32", "cpu": "arm64" }, "sha512-vUAe9okpS2Oa5+lX67lqHMuNUvfkleRKwrUDJ/WJBsgmddvZ1mrsh2HVmuFDRzqFELhaJhFaCNOuR6a7L3rtIA=="],

    "@oxlint/binding-win32-ia32-msvc": ["@oxlint/binding-win32-ia32-msvc@1.74.0", "", { "os": "win32", "cpu": "ia32" }, "sha512-yyXXJyYYSXL4I8K8jAWjJs+J3fa9gH2JmEbo4f5adm+1tNC9itseicBNuwK7BDHvqQ5J534s+yDULu89vYL2ZQ=="],

    "@oxlint/binding-win32-x64-msvc": ["@oxlint/binding-win32-x64-msvc@1.74.0", "", { "os": "win32", "cpu": "x64" }, "sha512-VTC9IYTIMrVUk/i6Ms1ohzzDKZFkWn0KU2OBbPBzgmVZ2V30165T/zK4LztTr0Xgp9fZ1qQZ1rsZAu/rEmySlA=="],

    "@rolldown/binding-android-arm64": ["@rolldown/binding-android-arm64@1.1.5", "", { "os": "android", "cpu": "arm64" }, "sha512-lZg8fqIv2v7FF237bwMgzGZEJvGL79/s5knJ/i6FmsGF4XXlzccZ4jb+TrFIxtSSxFtIpdsgrPZeMk1I9AFcyQ=="],

    "@rolldown/binding-darwin-arm64": ["@rolldown/binding-darwin-arm64@1.1.5", "", { "os": "darwin", "cpu": "arm64" }, "sha512-51Bnx9pNiMRKSUNtBfySkNJ9vMU9Hh3I1ozDd6gyPPYzaXCfnptUcEZxXGYFn+ul2dtcMUiqGR1Yai2K10uoTw=="],

    "@rolldown/binding-darwin-x64": ["@rolldown/binding-darwin-x64@1.1.5", "", { "os": "darwin", "cpu": "x64" }, "sha512-Tm+gbfC0aHu1tBA/JvKQh32S0K6YgCHkiAF4/W6xX0K0RmNuc94VeK419dJoE65R5aRxmo+noZQSWrAMF6yb6g=="],

    "@rolldown/binding-freebsd-x64": ["@rolldown/binding-freebsd-x64@1.1.5", "", { "os": "freebsd", "cpu": "x64" }, "sha512-JMzDKCCXq93YccG5gz3hvOs1oXRKAf0XYpfOS88e+wZrC8Iugj6j68867vrYZkvpDDpKn/KoKORThmchMpF6TA=="],

    "@rolldown/binding-linux-arm-gnueabihf": ["@rolldown/binding-linux-arm-gnueabihf@1.1.5", "", { "os": "linux", "cpu": "arm" }, "sha512-uML21j2K5TfPGutKxub+M+nLjZIrWjXQ5Grx4lCe/nimTj9B4L63zHpjXLl4y0L3mcm2htEQIb06oCG/szerNw=="],

    "@rolldown/binding-linux-arm64-gnu": ["@rolldown/binding-linux-arm64-gnu@1.1.5", "", { "os": "linux", "cpu": "arm64" }, "sha512-navSiuTMogvnQoZoM/v+l3ZWo50/NTwSHSzheABx/RCnmUPaKwq9qSo4Br2OYRs21+Fz8uFqITZM3H4opOB0/Q=="],

    "@rolldown/binding-linux-arm64-musl": ["@rolldown/binding-linux-arm64-musl@1.1.5", "", { "os": "linux", "cpu": "arm64" }, "sha512-lAryqH7IteztmCXQXk0etKj4wBQ7Gx5S6LjKhsgp9zb8I5bsuvU/2llH1hDQcjsFeqIsovMVN339/8pUDDBXxA=="],

    "@rolldown/binding-linux-ppc64-gnu": ["@rolldown/binding-linux-ppc64-gnu@1.1.5", "", { "os": "linux", "cpu": "ppc64" }, "sha512-fsK/sNBnxzBlL4O1JNrZakVQxPspqpED5dLtNsZS9oOKmtSpdNIzxH2kkol5HYTWJN47sE20ztMJPxfZ89qGOg=="],

    "@rolldown/binding-linux-s390x-gnu": ["@rolldown/binding-linux-s390x-gnu@1.1.5", "", { "os": "linux", "cpu": "s390x" }, "sha512-gLYb4BIadlfTOYT5gO503n8zQjXflgzpD0FcyKh0Mzx3rqCZKnHoJWV9xe1KXUJ5lx2JfcSHr/mhzS0PC/McAA=="],

    "@rolldown/binding-linux-x64-gnu": ["@rolldown/binding-linux-x64-gnu@1.1.5", "", { "os": "linux", "cpu": "x64" }, "sha512-FjcpEKUyJygHgs1o50VYNvkt5+7Le/VEdYt0AkRpkL33MnyQfwr8l5mXwMmfmTbyMPr5vJLC+8/Gd9gXnwU1QQ=="],

    "@rolldown/binding-linux-x64-musl": ["@rolldown/binding-linux-x64-musl@1.1.5", "", { "os": "linux", "cpu": "x64" }, "sha512-Me+PfPI2TMeOQk0gYWfLQZtTktrmzbr8cDboqX83XKc7UrgAi55gF+2dUkWdxd19n55Essp2yeca+O9N5rBxHg=="],

    "@rolldown/binding-openharmony-arm64": ["@rolldown/binding-openharmony-arm64@1.1.5", "", { "os": "none", "cpu": "arm64" }, "sha512-yc5WrLzXks6zCQfn9Oxr8pORKyl/pF+QjHmW/Qx3qu0oyrrNC+y2JLTU1E2rcWYAmzlnqngWXHQjy51VzW70Vw=="],

    "@rolldown/binding-wasm32-wasi": ["@rolldown/binding-wasm32-wasi@1.1.5", "", { "dependencies": { "@emnapi/core": "1.11.1", "@emnapi/runtime": "1.11.1", "@napi-rs/wasm-runtime": "^1.1.6" }, "cpu": "none" }, "sha512-VbQGPX2b4r48TAMIM2cjgluIM1HYutm4pcTEJsle7iEP7sB1dFqtPLBVbdLAZCxy1txCcPxf4QFf4v8uvltPqA=="],

    "@rolldown/binding-win32-arm64-msvc": ["@rolldown/binding-win32-arm64-msvc@1.1.5", "", { "os": "win32", "cpu": "arm64" }, "sha512-gHv82k63z4qpV5+Q1y/12KrK0ltWBukVDI8nZcbT7Tt/ZlOIVwppazneq0F93oDxTo3IgAMEDIoQh3E2n6mVsw=="],

    "@rolldown/binding-win32-x64-msvc": ["@rolldown/binding-win32-x64-msvc@1.1.5", "", { "os": "win32", "cpu": "x64" }, "sha512-tTZuDBPw85tEN5PQi1pnEBzDy0Z49HtScLAbD5t6hyeU92A95pRWaSMw1GZZi/RwgSgUIl0xrSlXIT/9QzvYSA=="],

    "@rolldown/pluginutils": ["@rolldown/pluginutils@1.0.1", "", {}, "sha512-2j9bGt5Jh8hj+vPtgzPtl72j0yRxHAyumoo6TNfAjsLB04UtpSvPbPcDcBMxz7n+9CYB0c1GxQFxYRg2jimqGw=="],

    "@rollup/rollup-android-arm-eabi": ["@rollup/rollup-android-arm-eabi@4.62.2", "", { "os": "android", "cpu": "arm" }, "sha512-6o7ZLZK+BeenkZCFNDXqpbjw9bD6nuWonvS/lwQJp7NoVVxm6p3qE7qQ5jGuBjiFsgvqjD8mZAU5oWxTmbOeOg=="],

    "@rollup/rollup-android-arm64": ["@rollup/rollup-android-arm64@4.62.2", "", { "os": "android", "cpu": "arm64" }, "sha512-BaH7BllCACHoH1LguOU56UItGfUWjujlO65kS9LAodViaN4bwIKd7oeW/ZHJ/4ljr/7MIiENnNy3HJ0zXv8Zkw=="],

    "@rollup/rollup-darwin-arm64": ["@rollup/rollup-darwin-arm64@4.62.2", "", { "os": "darwin", "cpu": "arm64" }, "sha512-v39RCCvj4He82I9sFmk+M1VZ0PLM9sfsLVikjfx2hYBNALhrrOR2D3JjQA6AhlaSOgcR+RzrKY7e1+bT6SUO/A=="],

    "@rollup/rollup-darwin-x64": ["@rollup/rollup-darwin-x64@4.62.2", "", { "os": "darwin", "cpu": "x64" }, "sha512-yl0y2vq3S3lHeuXhEdss6TWfKW8vkujImO12tn4ZkG/4oghr09LvdYm2RElVjokTQiUvDUGXLGsYeLqUMCKpGA=="],

    "@rollup/rollup-freebsd-arm64": ["@rollup/rollup-freebsd-arm64@4.62.2", "", { "os": "freebsd", "cpu": "arm64" }, "sha512-tT4pvt4qXD+vEoezupCWi+a1F0vvDiksiHc+PxRlYTOH1I6/X4id9jPxTP+Fg+545euaFT1jJVs4CEdHZAU1vw=="],

    "@rollup/rollup-freebsd-x64": ["@rollup/rollup-freebsd-x64@4.62.2", "", { "os": "freebsd", "cpu": "x64" }, "sha512-6nU5F2wCW+qvCBhTn1pdIU3bzsIoF7EUwsCDRxilWGprQR6yd508YnH9+OKFCwpfS8pjZqDUmnCAr7exax0XCg=="],

    "@rollup/rollup-linux-arm-gnueabihf": ["@rollup/rollup-linux-arm-gnueabihf@4.62.2", "", { "os": "linux", "cpu": "arm" }, "sha512-n1GJHPOvpIfhi3TmrCeh6S6URt9BFCt0KQE3qvexyGCTAKpR4Lg+eWvNZEqu7epxwus/8ElT3hacYEucm49SZg=="],

    "@rollup/rollup-linux-arm-musleabihf": ["@rollup/rollup-linux-arm-musleabihf@4.62.2", "", { "os": "linux", "cpu": "arm" }, "sha512-JqgflS8wEB+UXV/vS1RpRbifGBeN4D5lz8D8oOFbFZw4vedvdOgCFAjfBmIMdW3yL10XpQQ0Ambepw6MXrhOnA=="],

    "@rollup/rollup-linux-arm64-gnu": ["@rollup/rollup-linux-arm64-gnu@4.62.2", "", { "os": "linux", "cpu": "arm64" }, "sha512-wnFJkogWvN4jm/hQRF2UBaeUmk20j5+DmHvoyWii2b8HJDyvz1MF2OU/6ynXt2KR63rbZLWkFpoytpdc/yBuSA=="],

    "@rollup/rollup-linux-arm64-musl": ["@rollup/rollup-linux-arm64-musl@4.62.2", "", { "os": "linux", "cpu": "arm64" }, "sha512-HVu2bp0zhvJ8xHEV9+UUs7S90VadmBSY3LcIMvozbPo4AuMGDWlz3ymHLHZPX4hR67TKTt8Qp5PJ5RBg/i+RMQ=="],

    "@rollup/rollup-linux-loong64-gnu": ["@rollup/rollup-linux-loong64-gnu@4.62.2", "", { "os": "linux", "cpu": "none" }, "sha512-mQqqAV8QaoSgr9I2fKDLY2BAVvmKjWoGiu/cSYQonsLvtqwEn1E4QYfnCOcp5zoEqNhsDYin1s6jx/VJmrxlZg=="],

    "@rollup/rollup-linux-loong64-musl": ["@rollup/rollup-linux-loong64-musl@4.62.2", "", { "os": "linux", "cpu": "none" }, "sha512-IxKLoxCQ2IWi6bT2akyDUBGsOImDKB+sPp4EsTmwFQ/fMwpCKm8uLSSgP/Kx/QYUgKis6SEZ5/Nlhup0DIA0PQ=="],

    "@rollup/rollup-linux-ppc64-gnu": ["@rollup/rollup-linux-ppc64-gnu@4.62.2", "", { "os": "linux", "cpu": "ppc64" }, "sha512-Mk5ha2RQSgyFfmYYLkBpPnUk8D8FriBxesO1u9O75X0mHgXL1UQcH5Itl2lurWL2tj0RxV9b9tJgipac0hRY9A=="],

    "@rollup/rollup-linux-ppc64-musl": ["@rollup/rollup-linux-ppc64-musl@4.62.2", "", { "os": "linux", "cpu": "ppc64" }, "sha512-CjvEnqJL/0/TQ3TXX3OPIJ/kmBellrWd4heXUmHeJlTnmwjKpSJzoehLaL6Xk0ZnMHBu9dZuFADNOrtjF4v+2w=="],

    "@rollup/rollup-linux-riscv64-gnu": ["@rollup/rollup-linux-riscv64-gnu@4.62.2", "", { "os": "linux", "cpu": "none" }, "sha512-1SiZbzwdkaDURsew/tSOrooKiYy7EQGT6m8ufavAi9NEyQb/6VuIxFXAL1fqa4iZe3g4NbNk4P7J32z2tw5Mgg=="],

    "@rollup/rollup-linux-riscv64-musl": ["@rollup/rollup-linux-riscv64-musl@4.62.2", "", { "os": "linux", "cpu": "none" }, "sha512-nQts12zJ3NQRoE6uYljOH89v7szzLDvG2JD/vsX+vGXU8w/At1GowTZ5/7qeFQ8m7L55rpR8Okugnuo5bgjy2Q=="],

    "@rollup/rollup-linux-s390x-gnu": ["@rollup/rollup-linux-s390x-gnu@4.62.2", "", { "os": "linux", "cpu": "s390x" }, "sha512-E9/ll019jhPIJgpzfZoIkBGhcz+kKNgVWYRY0zr9srBdPPFVpvOKW8VaJKUbeK+eZXyQF9ltME+Kk6affeaPgg=="],

    "@rollup/rollup-linux-x64-gnu": ["@rollup/rollup-linux-x64-gnu@4.62.2", "", { "os": "linux", "cpu": "x64" }, "sha512-5BqxR/pshjey51iliyzTD5Xi3EN0aLmQ2lZ3lvefVV9c82BvrLo2/6OT55iifpWBufs6kdwWbuOKS841DrmK9A=="],

    "@rollup/rollup-linux-x64-musl": ["@rollup/rollup-linux-x64-musl@4.62.2", "", { "os": "linux", "cpu": "x64" }, "sha512-uNN83XxQrRAh/w0/pmAfibcwyb6YWt4gP+dpnQKPVJshAloQ785ii8CT8ZCIxkGg9opVsvAlGhFitSm6D1Jjpg=="],

    "@rollup/rollup-openbsd-x64": ["@rollup/rollup-openbsd-x64@4.62.2", "", { "os": "openbsd", "cpu": "x64" }, "sha512-srjEIxSH3LRnJN6THczDHWQplqEMFiAJrTab0msUryh9kwNpkICf3Ea6q6MN/2cZwRFUNx5w+h6Hpi4QuHS6Zg=="],

    "@rollup/rollup-openharmony-arm64": ["@rollup/rollup-openharmony-arm64@4.62.2", "", { "os": "none", "cpu": "arm64" }, "sha512-8hOJnxgbyObnCm5AlRA3A931xX19xq80RjVTKgJOvEKWqJruP/Uf12IbAOaDjjEXYRewwHLfmF0YRIdK3OwKWA=="],

    "@rollup/rollup-win32-arm64-msvc": ["@rollup/rollup-win32-arm64-msvc@4.62.2", "", { "os": "win32", "cpu": "arm64" }, "sha512-mmF4AY1i0hG/bLWUctUq59gtmgaSIRa3cu/A3JFRp/sCNEme2bgDEiDS22P9FbnJB8NJNF4jPJiSP5RHQpUTDg=="],

    "@rollup/rollup-win32-ia32-msvc": ["@rollup/rollup-win32-ia32-msvc@4.62.2", "", { "os": "win32", "cpu": "ia32" }, "sha512-DZgkknc6jhHrk46V25vbAM0zZkyP0nSDkJB8/dRkLTxv470dOmWDqGoEJl/9A0dFfS7yE3REOwNDxpHwSLSt0Q=="],

    "@rollup/rollup-win32-x64-gnu": ["@rollup/rollup-win32-x64-gnu@4.62.2", "", { "os": "win32", "cpu": "x64" }, "sha512-T6xr6ucWSFto+VGajA8YH26LdpHRuP4YLHEKAtCWvJDOlnmWcDZVCI2Jmjr+IFHDlt2zRaTAKE4tfjTaWLgJBg=="],

    "@rollup/rollup-win32-x64-msvc": ["@rollup/rollup-win32-x64-msvc@4.62.2", "", { "os": "win32", "cpu": "x64" }, "sha512-BfzEnDJOt9T8M989/lA37EcJgat01wLRnoi5dQf3QzOH7jzpqTAzdDbVfRljVr5r+jzKqpbHeyOfAaXxAd0PAA=="],

    "@smithy/core": ["@smithy/core@3.29.5", "", { "dependencies": { "@smithy/types": "^4.16.1", "tslib": "^2.6.2" } }, "sha512-i0dk2t5B+CwV/dcJdUHILYkOQF5lof8f44dFCfDWToGCxjT9YQ+CgHqTAvJxzc3+zqQwm2QtVoJ5IqiNar/CnQ=="],

    "@smithy/credential-provider-imds": ["@smithy/credential-provider-imds@4.4.10", "", { "dependencies": { "@smithy/core": "^3.29.5", "@smithy/types": "^4.16.1", "tslib": "^2.6.2" } }, "sha512-MJenAe4OKRZUo1LdYYFDCsSHxaHvInIU/z52GsheO9vl1/VSySVCr0zkyKD6TFiGkSUaWGxvKZ/70OvgUZR5HQ=="],

    "@smithy/fetch-http-handler": ["@smithy/fetch-http-handler@5.6.7", "", { "dependencies": { "@smithy/core": "^3.29.5", "@smithy/types": "^4.16.1", "tslib": "^2.6.2" } }, "sha512-3zpg8yqqyXzoK2TsRDdkqVOj2RDBFfLXwCczOZ5c7TWB4eiaebfSCsbMjDPYB3PJ9ihV62QaeadZ+wLadZtNGA=="],

    "@smithy/node-http-handler": ["@smithy/node-http-handler@4.9.7", "", { "dependencies": { "@smithy/core": "^3.29.5", "@smithy/types": "^4.16.1", "tslib": "^2.6.2" } }, "sha512-wCU8HCLjAtAVqxxe0j2xff9LcEPw3yjBbg5IdQDIYFnxnPxbxcSLc7rgex7kqm9L/WYOnJEgaWQlfDkZleozMA=="],

    "@smithy/signature-v4": ["@smithy/signature-v4@5.6.6", "", { "dependencies": { "@smithy/core": "^3.29.5", "@smithy/types": "^4.16.1", "tslib": "^2.6.2" } }, "sha512-efP6DN3UTFrzIsGO42/xcabv8jU7+9nwEdphFUH7yL0k010ERyAWaO41KFQIDLcFZLZ8xzIQr4wplFxNzslSGQ=="],

    "@smithy/types": ["@smithy/types@4.16.1", "", { "dependencies": { "tslib": "^2.6.2" } }, "sha512-0JFs3V2y2M9tKW5na/qxe69Zv+uxLMO7QBbhxF/FHu/Gp2NFZAAL9tWl9PU02xxo07pb3G9FTyjNc6D5uZrJIg=="],

    "@tybys/wasm-util": ["@tybys/wasm-util@0.10.3", "", { "dependencies": { "tslib": "^2.4.0" } }, "sha512-F3fo1MYrRJYL3zER0OUOmkutjr1Vp23m7OsSgp7nq4SP6OqX6C/56XFIPAl5bt3zaBRjmW7SGz3u/6LwFpYcOg=="],

    "@types/bun": ["@types/bun@1.3.14", "", { "dependencies": { "bun-types": "1.3.14" } }, "sha512-h1hFqFVcvAvD9j9K7ZW7vd82aSA+rTdznZa+5bwvCwqSB1jmmfLcbIWhOLx1/+boy/xmjgCs/OMUL8hRJSmnPw=="],

    "@types/estree": ["@types/estree@1.0.9", "", {}, "sha512-GhdPgy1el4/ImP05X05Uw4cw2/M93BCUmnEvWZNStlCzEKME4Fkk+YpoA5OiHNQmoS7Cafb8Xa3Pya8m1Qrzeg=="],

    "@types/node": ["@types/node@26.1.1", "", { "dependencies": { "undici-types": "~8.3.0" } }, "sha512-nxAkRSVkN1Y0JC1W8ky/fTfkGsMmcrRsbx+3XoZE+rMOX71kLYTV7fLXpqud1GpbpP5TuffXFqfX7fH2GgZREw=="],

    "bowser": ["bowser@2.14.1", "", {}, "sha512-tzPjzCxygAKWFOJP011oxFHs57HzIhOEracIgAePE4pqB3LikALKnSzUyU4MGs9/iCEUuHlAJTjTc5M+u7YEGg=="],

    "bun-types": ["bun-types@1.3.14", "", { "dependencies": { "@types/node": "*" } }, "sha512-4N0ig0fEomHt5R0KCFWjovxow98rIoRwKolrYdCcknNwMekCXRnWEUvgu5soYV8QXtVsrUD8B95MBOZGPvr6KQ=="],

    "detect-libc": ["detect-libc@2.1.2", "", {}, "sha512-Btj2BOOO83o3WyH59e8MgXsxEQVcarkUOpEYrubB0urwnN10yQ364rsiByU11nZlqWYZm05i/of7io4mzihBtQ=="],

    "esbuild": ["esbuild@0.27.7", "", { "optionalDependencies": { "@esbuild/aix-ppc64": "0.27.7", "@esbuild/android-arm": "0.27.7", "@esbuild/android-arm64": "0.27.7", "@esbuild/android-x64": "0.27.7", "@esbuild/darwin-arm64": "0.27.7", "@esbuild/darwin-x64": "0.27.7", "@esbuild/freebsd-arm64": "0.27.7", "@esbuild/freebsd-x64": "0.27.7", "@esbuild/linux-arm": "0.27.7", "@esbuild/linux-arm64": "0.27.7", "@esbuild/linux-ia32": "0.27.7", "@esbuild/linux-loong64": "0.27.7", "@esbuild/linux-mips64el": "0.27.7", "@esbuild/linux-ppc64": "0.27.7", "@esbuild/linux-riscv64": "0.27.7", "@esbuild/linux-s390x": "0.27.7", "@esbuild/linux-x64": "0.27.7", "@esbuild/netbsd-arm64": "0.27.7", "@esbuild/netbsd-x64": "0.27.7", "@esbuild/openbsd-arm64": "0.27.7", "@esbuild/openbsd-x64": "0.27.7", "@esbuild/openharmony-arm64": "0.27.7", "@esbuild/sunos-x64": "0.27.7", "@esbuild/win32-arm64": "0.27.7", "@esbuild/win32-ia32": "0.27.7", "@esbuild/win32-x64": "0.27.7" }, "bin": { "esbuild": "bin/esbuild" } }, "sha512-IxpibTjyVnmrIQo5aqNpCgoACA/dTKLTlhMHihVHhdkxKyPO1uBBthumT0rdHmcsk9uMonIWS0m4FljWzILh3w=="],

    "fdir": ["fdir@6.5.0", "", { "peerDependencies": { "picomatch": "^3 || ^4" }, "optionalPeers": ["picomatch"] }, "sha512-tIbYtZbucOs0BRGqPJkshJUYdL+SDH7dVM8gjy+ERp3WAUjLEFJE+02kanyHtwjWOnwrKYBiwAmM0p4kLJAnXg=="],

    "fsevents": ["fsevents@2.3.3", "", { "os": "darwin" }, "sha512-5xoDfX+fL7faATnagmWPpbFtwh/R77WmMMqqHGS65C3vvB0YHrgF+B1YmZ3441tMj5n63k0212XNoJwzlhffQw=="],

    "hono": ["hono@4.12.30", "", {}, "sha512-emn+JoJjrN9YTpRDS5it/UI2SO9BAE37T6I3d963RxcZ81G9A4pr2SZTEiiaiKbzx+NKRg5BZ89fCL7gCJCUog=="],

    "lightningcss": ["lightningcss@1.32.0", "", { "dependencies": { "detect-libc": "^2.0.3" }, "optionalDependencies": { "lightningcss-android-arm64": "1.32.0", "lightningcss-darwin-arm64": "1.32.0", "lightningcss-darwin-x64": "1.32.0", "lightningcss-freebsd-x64": "1.32.0", "lightningcss-linux-arm-gnueabihf": "1.32.0", "lightningcss-linux-arm64-gnu": "1.32.0", "lightningcss-linux-arm64-musl": "1.32.0", "lightningcss-linux-x64-gnu": "1.32.0", "lightningcss-linux-x64-musl": "1.32.0", "lightningcss-win32-arm64-msvc": "1.32.0", "lightningcss-win32-x64-msvc": "1.32.0" } }, "sha512-NXYBzinNrblfraPGyrbPoD19C1h9lfI/1mzgWYvXUTe414Gz/X1FD2XBZSZM7rRTrMA8JL3OtAaGifrIKhQ5yQ=="],

    "lightningcss-android-arm64": ["lightningcss-android-arm64@1.32.0", "", { "os": "android", "cpu": "arm64" }, "sha512-YK7/ClTt4kAK0vo6w3X+Pnm0D2cf2vPHbhOXdoNti1Ga0al1P4TBZhwjATvjNwLEBCnKvjJc2jQgHXH0NEwlAg=="],

    "lightningcss-darwin-arm64": ["lightningcss-darwin-arm64@1.32.0", "", { "os": "darwin", "cpu": "arm64" }, "sha512-RzeG9Ju5bag2Bv1/lwlVJvBE3q6TtXskdZLLCyfg5pt+HLz9BqlICO7LZM7VHNTTn/5PRhHFBSjk5lc4cmscPQ=="],

    "lightningcss-darwin-x64": ["lightningcss-darwin-x64@1.32.0", "", { "os": "darwin", "cpu": "x64" }, "sha512-U+QsBp2m/s2wqpUYT/6wnlagdZbtZdndSmut/NJqlCcMLTWp5muCrID+K5UJ6jqD2BFshejCYXniPDbNh73V8w=="],

    "lightningcss-freebsd-x64": ["lightningcss-freebsd-x64@1.32.0", "", { "os": "freebsd", "cpu": "x64" }, "sha512-JCTigedEksZk3tHTTthnMdVfGf61Fky8Ji2E4YjUTEQX14xiy/lTzXnu1vwiZe3bYe0q+SpsSH/CTeDXK6WHig=="],

    "lightningcss-linux-arm-gnueabihf": ["lightningcss-linux-arm-gnueabihf@1.32.0", "", { "os": "linux", "cpu": "arm" }, "sha512-x6rnnpRa2GL0zQOkt6rts3YDPzduLpWvwAF6EMhXFVZXD4tPrBkEFqzGowzCsIWsPjqSK+tyNEODUBXeeVHSkw=="],

    "lightningcss-linux-arm64-gnu": ["lightningcss-linux-arm64-gnu@1.32.0", "", { "os": "linux", "cpu": "arm64" }, "sha512-0nnMyoyOLRJXfbMOilaSRcLH3Jw5z9HDNGfT/gwCPgaDjnx0i8w7vBzFLFR1f6CMLKF8gVbebmkUN3fa/kQJpQ=="],

    "lightningcss-linux-arm64-musl": ["lightningcss-linux-arm64-musl@1.32.0", "", { "os": "linux", "cpu": "arm64" }, "sha512-UpQkoenr4UJEzgVIYpI80lDFvRmPVg6oqboNHfoH4CQIfNA+HOrZ7Mo7KZP02dC6LjghPQJeBsvXhJod/wnIBg=="],

    "lightningcss-linux-x64-gnu": ["lightningcss-linux-x64-gnu@1.32.0", "", { "os": "linux", "cpu": "x64" }, "sha512-V7Qr52IhZmdKPVr+Vtw8o+WLsQJYCTd8loIfpDaMRWGUZfBOYEJeyJIkqGIDMZPwPx24pUMfwSxxI8phr/MbOA=="],

    "lightningcss-linux-x64-musl": ["lightningcss-linux-x64-musl@1.32.0", "", { "os": "linux", "cpu": "x64" }, "sha512-bYcLp+Vb0awsiXg/80uCRezCYHNg1/l3mt0gzHnWV9XP1W5sKa5/TCdGWaR/zBM2PeF/HbsQv/j2URNOiVuxWg=="],

    "lightningcss-win32-arm64-msvc": ["lightningcss-win32-arm64-msvc@1.32.0", "", { "os": "win32", "cpu": "arm64" }, "sha512-8SbC8BR40pS6baCM8sbtYDSwEVQd4JlFTOlaD3gWGHfThTcABnNDBda6eTZeqbofalIJhFx0qKzgHJmcPTnGdw=="],

    "lightningcss-win32-x64-msvc": ["lightningcss-win32-x64-msvc@1.32.0", "", { "os": "win32", "cpu": "x64" }, "sha512-Amq9B/SoZYdDi1kFrojnoqPLxYhQ4Wo5XiL8EVJrVsB8ARoC1PWW6VGtT0WKCemjy8aC+louJnjS7U18x3b06Q=="],

    "nanoid": ["nanoid@3.3.16", "", { "bin": { "nanoid": "bin/nanoid.cjs" } }, "sha512-bzlKTyNJ7+LdGIIwy8ijFpIqEQIvafahV7eYykJ8Cvh42EdJeODoJ6gUJXpQJvej1BddH8OqTXZNE/KfbWAu8Q=="],

    "oxlint": ["oxlint@1.74.0", "", { "optionalDependencies": { "@oxlint/binding-android-arm-eabi": "1.74.0", "@oxlint/binding-android-arm64": "1.74.0", "@oxlint/binding-darwin-arm64": "1.74.0", "@oxlint/binding-darwin-x64": "1.74.0", "@oxlint/binding-freebsd-x64": "1.74.0", "@oxlint/binding-linux-arm-gnueabihf": "1.74.0", "@oxlint/binding-linux-arm-musleabihf": "1.74.0", "@oxlint/binding-linux-arm64-gnu": "1.74.0", "@oxlint/binding-linux-arm64-musl": "1.74.0", "@oxlint/binding-linux-ppc64-gnu": "1.74.0", "@oxlint/binding-linux-riscv64-gnu": "1.74.0", "@oxlint/binding-linux-riscv64-musl": "1.74.0", "@oxlint/binding-linux-s390x-gnu": "1.74.0", "@oxlint/binding-linux-x64-gnu": "1.74.0", "@oxlint/binding-linux-x64-musl": "1.74.0", "@oxlint/binding-openharmony-arm64": "1.74.0", "@oxlint/binding-win32-arm64-msvc": "1.74.0", "@oxlint/binding-win32-ia32-msvc": "1.74.0", "@oxlint/binding-win32-x64-msvc": "1.74.0" }, "peerDependencies": { "oxlint-tsgolint": ">=0.24.0", "vite-plus": "*" }, "optionalPeers": ["oxlint-tsgolint", "vite-plus"], "bin": { "oxlint": "bin/oxlint" } }, "sha512-odGl2s2x5IOJoj3A0v1k0PGBXVFBZeZ2+AK/+K2MJur7Ghi3bkyX5NuLUWHKqa4js1wjep3hJeuTQJOlr+4+dA=="],

    "picocolors": ["picocolors@1.1.1", "", {}, "sha512-xceH2snhtb5M9liqDsmEw56le376mTZkEX/jEb/RxNFyegNul7eNslCXP9FDj/Lcu0X8KEyMceP2ntpaHrDEVA=="],

    "picomatch": ["picomatch@4.0.5", "", {}, "sha512-RvwwcruNjI1ncT5xRakeyS9Lf8lcItv34KD+aif+VH9kduAyfYBipGh12274xtenIPZ119/R9BdTBa8gAwSh0A=="],

    "postcss": ["postcss@8.5.19", "", { "dependencies": { "nanoid": "^3.3.12", "picocolors": "^1.1.1", "source-map-js": "^1.2.1" } }, "sha512-Mz8SaolMd8nB+G13WkORcxQKHZ/NE4xXevtkJHVuG+guo9/wYKlIMTKAqGdEmYOXR2ijPjTYNHssizdaVSUNdQ=="],

    "rolldown": ["rolldown@1.1.5", "", { "dependencies": { "@oxc-project/types": "=0.139.0", "@rolldown/pluginutils": "^1.0.0" }, "optionalDependencies": { "@rolldown/binding-android-arm64": "1.1.5", "@rolldown/binding-darwin-arm64": "1.1.5", "@rolldown/binding-darwin-x64": "1.1.5", "@rolldown/binding-freebsd-x64": "1.1.5", "@rolldown/binding-linux-arm-gnueabihf": "1.1.5", "@rolldown/binding-linux-arm64-gnu": "1.1.5", "@rolldown/binding-linux-arm64-musl": "1.1.5", "@rolldown/binding-linux-ppc64-gnu": "1.1.5", "@rolldown/binding-linux-s390x-gnu": "1.1.5", "@rolldown/binding-linux-x64-gnu": "1.1.5", "@rolldown/binding-linux-x64-musl": "1.1.5", "@rolldown/binding-openharmony-arm64": "1.1.5", "@rolldown/binding-wasm32-wasi": "1.1.5", "@rolldown/binding-win32-arm64-msvc": "1.1.5", "@rolldown/binding-win32-x64-msvc": "1.1.5" }, "bin": { "rolldown": "./bin/cli.mjs" } }, "sha512-t9z29cJjXf/vxQ8dyhCSpt6H6aSwHTk8cT5I3iy6SMXuFpk5mB6PL6XfC8PCwrPTx93udwKUm9HRteAlTGBLiA=="],

    "rollup": ["rollup@4.62.2", "", { "dependencies": { "@types/estree": "1.0.9" }, "optionalDependencies": { "@rollup/rollup-android-arm-eabi": "4.62.2", "@rollup/rollup-android-arm64": "4.62.2", "@rollup/rollup-darwin-arm64": "4.62.2", "@rollup/rollup-darwin-x64": "4.62.2", "@rollup/rollup-freebsd-arm64": "4.62.2", "@rollup/rollup-freebsd-x64": "4.62.2", "@rollup/rollup-linux-arm-gnueabihf": "4.62.2", "@rollup/rollup-linux-arm-musleabihf": "4.62.2", "@rollup/rollup-linux-arm64-gnu": "4.62.2", "@rollup/rollup-linux-arm64-musl": "4.62.2", "@rollup/rollup-linux-loong64-gnu": "4.62.2", "@rollup/rollup-linux-loong64-musl": "4.62.2", "@rollup/rollup-linux-ppc64-gnu": "4.62.2", "@rollup/rollup-linux-ppc64-musl": "4.62.2", "@rollup/rollup-linux-riscv64-gnu": "4.62.2", "@rollup/rollup-linux-riscv64-musl": "4.62.2", "@rollup/rollup-linux-s390x-gnu": "4.62.2", "@rollup/rollup-linux-x64-gnu": "4.62.2", "@rollup/rollup-linux-x64-musl": "4.62.2", "@rollup/rollup-openbsd-x64": "4.62.2", "@rollup/rollup-openharmony-arm64": "4.62.2", "@rollup/rollup-win32-arm64-msvc": "4.62.2", "@rollup/rollup-win32-ia32-msvc": "4.62.2", "@rollup/rollup-win32-x64-gnu": "4.62.2", "@rollup/rollup-win32-x64-msvc": "4.62.2", "fsevents": "~2.3.2" }, "bin": { "rollup": "dist/bin/rollup" } }, "sha512-RFnrW4lhXA3s3eqHDZvN654g8OTjzRfqpIRJYczCGB6HzphckVAi/Qh4tbPUbRuDi7s1Llv8g/NspLkttY3gTA=="],

    "source-map-js": ["source-map-js@1.2.1", "", {}, "sha512-UXWMKhLOwVKb728IUtQPXxfYU+usdybtUrK/8uGE8CQMvrhOpwvzDBwj0QhSL7MQc7vIsISBG8VQ8+IDQxpfQA=="],

    "tinyglobby": ["tinyglobby@0.2.17", "", { "dependencies": { "fdir": "^6.5.0", "picomatch": "^4.0.4" } }, "sha512-wXR/dYpcqKmfWpEdZjiKJOwCNFndD0DMnrW/cYjVGttEkBfVgcLFHoNrlj47mjOVic9yyNu65alsgF4NQyTa2g=="],

    "tslib": ["tslib@2.8.1", "", {}, "sha512-oJFu94HQb+KVduSUQL7wnpmqnfmLsOA/nAh6b6EH0wCEoK0/mPeXU6c3wKDV83MkOuHPRHtSXKKU99IBazS/2w=="],

    "typescript": ["typescript@5.9.3", "", { "bin": { "tsc": "bin/tsc", "tsserver": "bin/tsserver" } }, "sha512-jl1vZzPDinLr9eUt3J/t7V6FgNEw9QjvBPdysz9KfQDD41fQrC2Y4vKQdiaUpFT4bXlb1RHhLpp8wtm6M5TgSw=="],

    "undici-types": ["undici-types@8.3.0", "", {}, "sha512-j375ScV60dom+YkPFIfTLcOiPxkN/buHz5GobjLhixFuANaNs3C9l4GmrWqejgXWJ7BbJcFYpTEUkS1Ge8bpZQ=="],

    "vite": ["vite@8.1.5", "", { "dependencies": { "lightningcss": "^1.32.0", "picomatch": "^4.0.5", "postcss": "^8.5.17", "rolldown": "~1.1.5", "tinyglobby": "^0.2.17" }, "optionalDependencies": { "fsevents": "~2.3.3" }, "peerDependencies": { "@types/node": "^20.19.0 || >=22.12.0", "@vitejs/devtools": "^0.3.0", "esbuild": "^0.27.0 || ^0.28.0", "jiti": ">=1.21.0", "less": "^4.0.0", "sass": "^1.70.0", "sass-embedded": "^1.70.0", "stylus": ">=0.54.8", "sugarss": "^5.0.0", "terser": "^5.16.0", "tsx": "^4.8.1", "yaml": "^2.4.2" }, "optionalPeers": ["@types/node", "@vitejs/devtools", "esbuild", "jiti", "less", "sass", "sass-embedded", "stylus", "sugarss", "terser", "tsx", "yaml"], "bin": { "vite": "bin/vite.js" } }, "sha512-7ULLwsCdYx/nRyrpiEwvqb5TFHrMVZyBt+rg/OAXT7rgj/z+DtTDyKFeLAdDkubDVDKD8jOsndmy7m55XcfUsw=="],
  }
}
